
Microsoft Visual Studio Solution File, Format Version 12.00
# Visual Studio 15
VisualStudioVersion = 15.0.26730.16
MinimumVisualStudioVersion = 10.0.40219.1
Project("{FAE04EC0-301F-11D3-BF4B-00C04F79EFBC}") = "Webackeitor.Desktop", "Webackeitor\Webackeitor.Desktop.csproj", "{DBEC3F31-A3C6-4DAA-B9E7-635FDB8E72D4}"
EndProject
Project("{2150E333-8FDC-42A3-9474-1A3956D46DE8}") = "Solution Items", "Solution Items", "{8A18F30E-90E7-45AE-B99F-45A6C4F3427C}"
	ProjectSection(SolutionItems) = preProject
		.gitignore = .gitignore
		README.md = README.md
	EndProjectSection
EndProject
Project("{E24C65DC-7377-472B-9ABA-BC803B73C61A}") = "docs", "docs\", "{6464EE97-61AC-4B46-8FD9-1368025535F7}"
	ProjectSection(WebsiteProperties) = preProject
		TargetFrameworkMoniker = ".NETFramework,Version%3Dv4.0"
		Debug.AspNetCompiler.VirtualPath = "/localhost_62546"
		Debug.AspNetCompiler.PhysicalPath = "docs\"
		Debug.AspNetCompiler.TargetPath = "PrecompiledWeb\localhost_62546\"
		Debug.AspNetCompiler.Updateable = "true"
		Debug.AspNetCompiler.ForceOverwrite = "true"
		Debug.AspNetCompiler.FixedNames = "false"
		Debug.AspNetCompiler.Debug = "True"
		Release.AspNetCompiler.VirtualPath = "/localhost_62546"
		Release.AspNetCompiler.PhysicalPath = "docs\"
		Release.AspNetCompiler.TargetPath = "PrecompiledWeb\localhost_62546\"
		Release.AspNetCompiler.Updateable = "true"
		Release.AspNetCompiler.ForceOverwrite = "true"
		Release.AspNetCompiler.FixedNames = "false"
		Release.AspNetCompiler.Debug = "False"
		VWDPort = "62546"
		SlnRelativePath = "docs\"
	EndProjectSection
EndProject
Global
	GlobalSection(SolutionConfigurationPlatforms) = preSolution
		Debug|Any CPU = Debug|Any CPU
		Release|Any CPU = Release|Any CPU
	EndGlobalSection
	GlobalSection(ProjectConfigurationPlatforms) = postSolution
		{DBEC3F31-A3C6-4DAA-B9E7-635FDB8E72D4}.Debug|Any CPU.ActiveCfg = Debug|Any CPU
		{DBEC3F31-A3C6-4DAA-B9E7-635FDB8E72D4}.Debug|Any CPU.Build.0 = Debug|Any CPU
		{DBEC3F31-A3C6-4DAA-B9E7-635FDB8E72D4}.Release|Any CPU.ActiveCfg = Release|Any CPU
		{DBEC3F31-A3C6-4DAA-B9E7-635FDB8E72D4}.Release|Any CPU.Build.0 = Release|Any CPU
		{6464EE97-61AC-4B46-8FD9-1368025535F7}.Debug|Any CPU.ActiveCfg = Debug|Any CPU
		{6464EE97-61AC-4B46-8FD9-1368025535F7}.Debug|Any CPU.Build.0 = Debug|Any CPU
		{6464EE97-61AC-4B46-8FD9-1368025535F7}.Release|Any CPU.ActiveCfg = Debug|Any CPU
		{6464EE97-61AC-4B46-8FD9-1368025535F7}.Release|Any CPU.Build.0 = Debug|Any CPU
	EndGlobalSection
	GlobalSection(SolutionProperties) = preSolution
		HideSolutionNode = FALSE
	EndGlobalSection
	GlobalSection(ExtensibilityGlobals) = postSolution
		SolutionGuid = {D42E9C04-5A1A-42BF-9A55-8AE5CD7BFA85}
	EndGlobalSection
EndGlobal
